
Microsoft Visual Studio Solution File, Format Version 12.00
# Visual Studio Version 17
VisualStudioVersion = 17.8.34316.72
MinimumVisualStudioVersion = 10.0.40219.1
Project("{9A19103F-16F7-4668-BE54-9A1E7A4F7556}") = "AdsressBook", "AdsressBook\AdsressBook.csproj", "{49662301-CAB4-49F0-BFAC-B49EFF9E91F4}"
EndProject
Project("{9A19103F-16F7-4668-BE54-9A1E7A4F7556}") = "AddressBookTests", "AddressBookTests\AddressBookTests.csproj", "{FE08496B-813C-4C5A-B8BA-37E6C6A1782E}"
EndProject
Project("{9A19103F-16F7-4668-BE54-9A1E7A4F7556}") = "AddressBookConsoleApp", "AddressBookConsoleApp\AddressBookConsoleApp.csproj", "{0CB4C7A1-CBE0-4377-B91B-8D3EB01737D2}"
EndProject
Project("{9A19103F-16F7-4668-BE54-9A1E7A4F7556}") = "AddressBookMaui", "AddressBookMaui\AddressBookMaui.csproj", "{33578041-7137-4C35-9B59-13F415B0F43A}"
EndProject
Global
	GlobalSection(SolutionConfigurationPlatforms) = preSolution
		Debug|Any CPU = Debug|Any CPU
		Release|Any CPU = Release|Any CPU
	EndGlobalSection
	GlobalSection(ProjectConfigurationPlatforms) = postSolution
		{49662301-CAB4-49F0-BFAC-B49EFF9E91F4}.Debug|Any CPU.ActiveCfg = Debug|Any CPU
		{49662301-CAB4-49F0-BFAC-B49EFF9E91F4}.Debug|Any CPU.Build.0 = Debug|Any CPU
		{49662301-CAB4-49F0-BFAC-B49EFF9E91F4}.Release|Any CPU.ActiveCfg = Release|Any CPU
		{49662301-CAB4-49F0-BFAC-B49EFF9E91F4}.Release|Any CPU.Build.0 = Release|Any CPU
		{FE08496B-813C-4C5A-B8BA-37E6C6A1782E}.Debug|Any CPU.ActiveCfg = Debug|Any CPU
		{FE08496B-813C-4C5A-B8BA-37E6C6A1782E}.Debug|Any CPU.Build.0 = Debug|Any CPU
		{FE08496B-813C-4C5A-B8BA-37E6C6A1782E}.Release|Any CPU.ActiveCfg = Release|Any CPU
		{FE08496B-813C-4C5A-B8BA-37E6C6A1782E}.Release|Any CPU.Build.0 = Release|Any CPU
		{0CB4C7A1-CBE0-4377-B91B-8D3EB01737D2}.Debug|Any CPU.ActiveCfg = Debug|Any CPU
		{0CB4C7A1-CBE0-4377-B91B-8D3EB01737D2}.Debug|Any CPU.Build.0 = Debug|Any CPU
		{0CB4C7A1-CBE0-4377-B91B-8D3EB01737D2}.Release|Any CPU.ActiveCfg = Release|Any CPU
		{0CB4C7A1-CBE0-4377-B91B-8D3EB01737D2}.Release|Any CPU.Build.0 = Release|Any CPU
		{33578041-7137-4C35-9B59-13F415B0F43A}.Debug|Any CPU.ActiveCfg = Debug|Any CPU
		{33578041-7137-4C35-9B59-13F415B0F43A}.Debug|Any CPU.Build.0 = Debug|Any CPU
		{33578041-7137-4C35-9B59-13F415B0F43A}.Debug|Any CPU.Deploy.0 = Debug|Any CPU
		{33578041-7137-4C35-9B59-13F415B0F43A}.Release|Any CPU.ActiveCfg = Release|Any CPU
		{33578041-7137-4C35-9B59-13F415B0F43A}.Release|Any CPU.Build.0 = Release|Any CPU
		{33578041-7137-4C35-9B59-13F415B0F43A}.Release|Any CPU.Deploy.0 = Release|Any CPU
	EndGlobalSection
	GlobalSection(SolutionProperties) = preSolution
		HideSolutionNode = FALSE
	EndGlobalSection
	GlobalSection(ExtensibilityGlobals) = postSolution
		SolutionGuid = {2FE34B44-193C-46C3-9943-B3EEAC6ED559}
	EndGlobalSection
EndGlobal
